
Microsoft Visual Studio Solution File, Format Version 12.00
# Visual Studio 15
VisualStudioVersion = 15.0.26124.0
MinimumVisualStudioVersion = 15.0.26124.0
Project("{FAE04EC0-301F-11D3-BF4B-00C04F79EFBC}") = "Domain", "Domain\Domain.csproj", "{33037D93-CDE5-496B-A1EC-3A88BF4767D5}"
EndProject
Project("{FAE04EC0-301F-11D3-BF4B-00C04F79EFBC}") = "Application", "Application\Application.csproj", "{488671BB-D3F2-4859-9B1C-52E3479AB459}"
EndProject
Project("{FAE04EC0-301F-11D3-BF4B-00C04F79EFBC}") = "Persistence", "Persistence\Persistence.csproj", "{750D100B-30B5-4BD4-8F5F-E1DFEC0F01A8}"
EndProject
Project("{FAE04EC0-301F-11D3-BF4B-00C04F79EFBC}") = "API", "API\API.csproj", "{FD126E18-C5C7-4576-808B-3F6740ED7CB5}"
EndProject
Global
	GlobalSection(SolutionConfigurationPlatforms) = preSolution
		Debug|Any CPU = Debug|Any CPU
		Debug|x64 = Debug|x64
		Debug|x86 = Debug|x86
		Release|Any CPU = Release|Any CPU
		Release|x64 = Release|x64
		Release|x86 = Release|x86
	EndGlobalSection
	GlobalSection(SolutionProperties) = preSolution
		HideSolutionNode = FALSE
	EndGlobalSection
	GlobalSection(ProjectConfigurationPlatforms) = postSolution
		{33037D93-CDE5-496B-A1EC-3A88BF4767D5}.Debug|Any CPU.ActiveCfg = Debug|Any CPU
		{33037D93-CDE5-496B-A1EC-3A88BF4767D5}.Debug|Any CPU.Build.0 = Debug|Any CPU
		{33037D93-CDE5-496B-A1EC-3A88BF4767D5}.Debug|x64.ActiveCfg = Debug|Any CPU
		{33037D93-CDE5-496B-A1EC-3A88BF4767D5}.Debug|x64.Build.0 = Debug|Any CPU
		{33037D93-CDE5-496B-A1EC-3A88BF4767D5}.Debug|x86.ActiveCfg = Debug|Any CPU
		{33037D93-CDE5-496B-A1EC-3A88BF4767D5}.Debug|x86.Build.0 = Debug|Any CPU
		{33037D93-CDE5-496B-A1EC-3A88BF4767D5}.Release|Any CPU.ActiveCfg = Release|Any CPU
		{33037D93-CDE5-496B-A1EC-3A88BF4767D5}.Release|Any CPU.Build.0 = Release|Any CPU
		{33037D93-CDE5-496B-A1EC-3A88BF4767D5}.Release|x64.ActiveCfg = Release|Any CPU
		{33037D93-CDE5-496B-A1EC-3A88BF4767D5}.Release|x64.Build.0 = Release|Any CPU
		{33037D93-CDE5-496B-A1EC-3A88BF4767D5}.Release|x86.ActiveCfg = Release|Any CPU
		{33037D93-CDE5-496B-A1EC-3A88BF4767D5}.Release|x86.Build.0 = Release|Any CPU
		{488671BB-D3F2-4859-9B1C-52E3479AB459}.Debug|Any CPU.ActiveCfg = Debug|Any CPU
		{488671BB-D3F2-4859-9B1C-52E3479AB459}.Debug|Any CPU.Build.0 = Debug|Any CPU
		{488671BB-D3F2-4859-9B1C-52E3479AB459}.Debug|x64.ActiveCfg = Debug|Any CPU
		{488671BB-D3F2-4859-9B1C-52E3479AB459}.Debug|x64.Build.0 = Debug|Any CPU
		{488671BB-D3F2-4859-9B1C-52E3479AB459}.Debug|x86.ActiveCfg = Debug|Any CPU
		{488671BB-D3F2-4859-9B1C-52E3479AB459}.Debug|x86.Build.0 = Debug|Any CPU
		{488671BB-D3F2-4859-9B1C-52E3479AB459}.Release|Any CPU.ActiveCfg = Release|Any CPU
		{488671BB-D3F2-4859-9B1C-52E3479AB459}.Release|Any CPU.Build.0 = Release|Any CPU
		{488671BB-D3F2-4859-9B1C-52E3479AB459}.Release|x64.ActiveCfg = Release|Any CPU
		{488671BB-D3F2-4859-9B1C-52E3479AB459}.Release|x64.Build.0 = Release|Any CPU
		{488671BB-D3F2-4859-9B1C-52E3479AB459}.Release|x86.ActiveCfg = Release|Any CPU
		{488671BB-D3F2-4859-9B1C-52E3479AB459}.Release|x86.Build.0 = Release|Any CPU
		{750D100B-30B5-4BD4-8F5F-E1DFEC0F01A8}.Debug|Any CPU.ActiveCfg = Debug|Any CPU
		{750D100B-30B5-4BD4-8F5F-E1DFEC0F01A8}.Debug|Any CPU.Build.0 = Debug|Any CPU
		{750D100B-30B5-4BD4-8F5F-E1DFEC0F01A8}.Debug|x64.ActiveCfg = Debug|Any CPU
		{750D100B-30B5-4BD4-8F5F-E1DFEC0F01A8}.Debug|x64.Build.0 = Debug|Any CPU
		{750D100B-30B5-4BD4-8F5F-E1DFEC0F01A8}.Debug|x86.ActiveCfg = Debug|Any CPU
		{750D100B-30B5-4BD4-8F5F-E1DFEC0F01A8}.Debug|x86.Build.0 = Debug|Any CPU
		{750D100B-30B5-4BD4-8F5F-E1DFEC0F01A8}.Release|Any CPU.ActiveCfg = Release|Any CPU
		{750D100B-30B5-4BD4-8F5F-E1DFEC0F01A8}.Release|Any CPU.Build.0 = Release|Any CPU
		{750D100B-30B5-4BD4-8F5F-E1DFEC0F01A8}.Release|x64.ActiveCfg = Release|Any CPU
		{750D100B-30B5-4BD4-8F5F-E1DFEC0F01A8}.Release|x64.Build.0 = Release|Any CPU
		{750D100B-30B5-4BD4-8F5F-E1DFEC0F01A8}.Release|x86.ActiveCfg = Release|Any CPU
		{750D100B-30B5-4BD4-8F5F-E1DFEC0F01A8}.Release|x86.Build.0 = Release|Any CPU
		{FD126E18-C5C7-4576-808B-3F6740ED7CB5}.Debug|Any CPU.ActiveCfg = Debug|Any CPU
		{FD126E18-C5C7-4576-808B-3F6740ED7CB5}.Debug|Any CPU.Build.0 = Debug|Any CPU
		{FD126E18-C5C7-4576-808B-3F6740ED7CB5}.Debug|x64.ActiveCfg = Debug|Any CPU
		{FD126E18-C5C7-4576-808B-3F6740ED7CB5}.Debug|x64.Build.0 = Debug|Any CPU
		{FD126E18-C5C7-4576-808B-3F6740ED7CB5}.Debug|x86.ActiveCfg = Debug|Any CPU
		{FD126E18-C5C7-4576-808B-3F6740ED7CB5}.Debug|x86.Build.0 = Debug|Any CPU
		{FD126E18-C5C7-4576-808B-3F6740ED7CB5}.Release|Any CPU.ActiveCfg = Release|Any CPU
		{FD126E18-C5C7-4576-808B-3F6740ED7CB5}.Release|Any CPU.Build.0 = Release|Any CPU
		{FD126E18-C5C7-4576-808B-3F6740ED7CB5}.Release|x64.ActiveCfg = Release|Any CPU
		{FD126E18-C5C7-4576-808B-3F6740ED7CB5}.Release|x64.Build.0 = Release|Any CPU
		{FD126E18-C5C7-4576-808B-3F6740ED7CB5}.Release|x86.ActiveCfg = Release|Any CPU
		{FD126E18-C5C7-4576-808B-3F6740ED7CB5}.Release|x86.Build.0 = Release|Any CPU
	EndGlobalSection
EndGlobal
